
Microsoft Visual Studio Solution File, Format Version 12.00
# Visual Studio Version 16
VisualStudioVersion = 16.0.32228.343
MinimumVisualStudioVersion = 10.0.40219.1
Project("{FAE04EC0-301F-11D3-BF4B-00C04F79EFBC}") = "ProstoDajteMne3.Android", "ProstoDajteMne3\ProstoDajteMne3.Android\ProstoDajteMne3.Android.csproj", "{C3FEAC08-31C0-4FC2-8222-99BDE14E71EB}"
EndProject
Project("{FAE04EC0-301F-11D3-BF4B-00C04F79EFBC}") = "ProstoDajteMne3", "ProstoDajteMne3\ProstoDajteMne3\ProstoDajteMne3.csproj", "{DB940308-26A0-497C-9943-18569E340696}"
EndProject
Global
	GlobalSection(SolutionConfigurationPlatforms) = preSolution
		Debug|Any CPU = Debug|Any CPU
		Release|Any CPU = Release|Any CPU
	EndGlobalSection
	GlobalSection(ProjectConfigurationPlatforms) = postSolution
		{C3FEAC08-31C0-4FC2-8222-99BDE14E71EB}.Debug|Any CPU.ActiveCfg = Debug|Any CPU
		{C3FEAC08-31C0-4FC2-8222-99BDE14E71EB}.Debug|Any CPU.Build.0 = Debug|Any CPU
		{C3FEAC08-31C0-4FC2-8222-99BDE14E71EB}.Debug|Any CPU.Deploy.0 = Debug|Any CPU
		{C3FEAC08-31C0-4FC2-8222-99BDE14E71EB}.Release|Any CPU.ActiveCfg = Release|Any CPU
		{C3FEAC08-31C0-4FC2-8222-99BDE14E71EB}.Release|Any CPU.Build.0 = Release|Any CPU
		{C3FEAC08-31C0-4FC2-8222-99BDE14E71EB}.Release|Any CPU.Deploy.0 = Release|Any CPU
		{DB940308-26A0-497C-9943-18569E340696}.Debug|Any CPU.ActiveCfg = Debug|Any CPU
		{DB940308-26A0-497C-9943-18569E340696}.Debug|Any CPU.Build.0 = Debug|Any CPU
		{DB940308-26A0-497C-9943-18569E340696}.Debug|Any CPU.Deploy.0 = Debug|Any CPU
		{DB940308-26A0-497C-9943-18569E340696}.Release|Any CPU.ActiveCfg = Release|Any CPU
		{DB940308-26A0-497C-9943-18569E340696}.Release|Any CPU.Build.0 = Release|Any CPU
		{DB940308-26A0-497C-9943-18569E340696}.Release|Any CPU.Deploy.0 = Release|Any CPU
	EndGlobalSection
	GlobalSection(SolutionProperties) = preSolution
		HideSolutionNode = FALSE
	EndGlobalSection
	GlobalSection(ExtensibilityGlobals) = postSolution
		SolutionGuid = {7A3B8796-6220-41A4-BC16-2A32E2DBD41D}
	EndGlobalSection
EndGlobal
